
Microsoft Visual Studio Solution File, Format Version 12.00
# Visual Studio 2012
Project("{FAE04EC0-301F-11D3-BF4B-00C04F79EFBC}") = "DcrTestWorkBench", "DcrTestWorkBench\DcrTestWorkBench.csproj", "{1FDBE5E9-05D0-435C-B814-BA06EAA79354}"
EndProject
Global
	GlobalSection(SolutionConfigurationPlatforms) = preSolution
		Debug|Any CPU = Debug|Any CPU
		Release|Any CPU = Release|Any CPU
	EndGlobalSection
	GlobalSection(ProjectConfigurationPlatforms) = postSolution
		{1FDBE5E9-05D0-435C-B814-BA06EAA79354}.Debug|Any CPU.ActiveCfg = Debug|Any CPU
		{1FDBE5E9-05D0-435C-B814-BA06EAA79354}.Debug|Any CPU.Build.0 = Debug|Any CPU
		{1FDBE5E9-05D0-435C-B814-BA06EAA79354}.Release|Any CPU.ActiveCfg = Release|Any CPU
		{1FDBE5E9-05D0-435C-B814-BA06EAA79354}.Release|Any CPU.Build.0 = Release|Any CPU
	EndGlobalSection
	GlobalSection(SolutionProperties) = preSolution
		HideSolutionNode = FALSE
	EndGlobalSection
EndGlobal
